// !$*UTF8*$!
{
	archiveVersion = 1;
	classes = {
	};
	objectVersion = 55;
	objects = {

/* Begin PBXBuildFile section */
		6D3E78612887631800FFD964 /* AppDelegate.swift in Sources */ = {isa = PBXBuildFile; fileRef = 6D3E78602887631800FFD964 /* AppDelegate.swift */; };
		6D3E78632887631800FFD964 /* SceneDelegate.swift in Sources */ = {isa = PBXBuildFile; fileRef = 6D3E78622887631800FFD964 /* SceneDelegate.swift */; };
		6D3E786A2887631A00FFD964 /* Assets.xcassets in Resources */ = {isa = PBXBuildFile; fileRef = 6D3E78692887631A00FFD964 /* Assets.xcassets */; };
		6D3E786D2887631A00FFD964 /* LaunchScreen.storyboard in Resources */ = {isa = PBXBuildFile; fileRef = 6D3E786B2887631A00FFD964 /* LaunchScreen.storyboard */; };
		6D3E787A2887640900FFD964 /* LoadingViewController.storyboard in Resources */ = {isa = PBXBuildFile; fileRef = 6D3E78772887640900FFD964 /* LoadingViewController.storyboard */; };
		6D3E787B2887640900FFD964 /* LoadingViewController + UI.swift in Sources */ = {isa = PBXBuildFile; fileRef = 6D3E78782887640900FFD964 /* LoadingViewController + UI.swift */; };
		6D3E787C2887640900FFD964 /* LoadingViewController.swift in Sources */ = {isa = PBXBuildFile; fileRef = 6D3E78792887640900FFD964 /* LoadingViewController.swift */; };
		6D3E787F288764D300FFD964 /* ServiceViewController.swift in Sources */ = {isa = PBXBuildFile; fileRef = 6D3E787E288764D300FFD964 /* ServiceViewController.swift */; };
		6D3E7881288764E100FFD964 /* ServiceViewController.storyboard in Resources */ = {isa = PBXBuildFile; fileRef = 6D3E7880288764E100FFD964 /* ServiceViewController.storyboard */; };
		6D3E7883288764FD00FFD964 /* UIStoryboard.swift in Sources */ = {isa = PBXBuildFile; fileRef = 6D3E7882288764FD00FFD964 /* UIStoryboard.swift */; };
		6D3E78862887657400FFD964 /* ResultViewController.swift in Sources */ = {isa = PBXBuildFile; fileRef = 6D3E78852887657400FFD964 /* ResultViewController.swift */; };
		6D3E78882887658500FFD964 /* ResultViewController.storyboard in Resources */ = {isa = PBXBuildFile; fileRef = 6D3E78872887658500FFD964 /* ResultViewController.storyboard */; };
		6D41EF3B28894873006C6A67 /* ResultViewController + UI.swift in Sources */ = {isa = PBXBuildFile; fileRef = 6D41EF3A28894873006C6A67 /* ResultViewController + UI.swift */; };
		6D41EF3D288948B5006C6A67 /* ServiceViewController + UI.swift in Sources */ = {isa = PBXBuildFile; fileRef = 6D41EF3C288948B5006C6A67 /* ServiceViewController + UI.swift */; };
		6D86AD322888757400EF2340 /* Settings.swift in Sources */ = {isa = PBXBuildFile; fileRef = 6D86AD312888757400EF2340 /* Settings.swift */; };
		DAA63C2AE012BA7EE25287FC /* Pods_SSRLabTest3.framework in Frameworks */ = {isa = PBXBuildFile; fileRef = 67ED09E234D98D72ADAC8BC7 /* Pods_SSRLabTest3.framework */; };
/* End PBXBuildFile section */

/* Begin PBXFileReference section */
		507F83171B37F4DAB33BF149 /* Pods-SSRLabTest3.debug.xcconfig */ = {isa = PBXFileReference; includeInIndex = 1; lastKnownFileType = text.xcconfig; name = "Pods-SSRLabTest3.debug.xcconfig"; path = "Target Support Files/Pods-SSRLabTest3/Pods-SSRLabTest3.debug.xcconfig"; sourceTree = "<group>"; };
		67ED09E234D98D72ADAC8BC7 /* Pods_SSRLabTest3.framework */ = {isa = PBXFileReference; explicitFileType = wrapper.framework; includeInIndex = 0; path = Pods_SSRLabTest3.framework; sourceTree = BUILT_PRODUCTS_DIR; };
		6D3E785D2887631800FFD964 /* SSRLabTest3.app */ = {isa = PBXFileReference; explicitFileType = wrapper.application; includeInIndex = 0; path = SSRLabTest3.app; sourceTree = BUILT_PRODUCTS_DIR; };
		6D3E78602887631800FFD964 /* AppDelegate.swift */ = {isa = PBXFileReference; lastKnownFileType = sourcecode.swift; path = AppDelegate.swift; sourceTree = "<group>"; };
		6D3E78622887631800FFD964 /* SceneDelegate.swift */ = {isa = PBXFileReference; lastKnownFileType = sourcecode.swift; path = SceneDelegate.swift; sourceTree = "<group>"; };
		6D3E78692887631A00FFD964 /* Assets.xcassets */ = {isa = PBXFileReference; lastKnownFileType = folder.assetcatalog; path = Assets.xcassets; sourceTree = "<group>"; };
		6D3E786C2887631A00FFD964 /* Base */ = {isa = PBXFileReference; lastKnownFileType = file.storyboard; name = Base; path = Base.lproj/LaunchScreen.storyboard; sourceTree = "<group>"; };
		6D3E786E2887631A00FFD964 /* Info.plist */ = {isa = PBXFileReference; lastKnownFileType = text.plist.xml; path = Info.plist; sourceTree = "<group>"; };
		6D3E78772887640900FFD964 /* LoadingViewController.storyboard */ = {isa = PBXFileReference; fileEncoding = 4; lastKnownFileType = file.storyboard; path = LoadingViewController.storyboard; sourceTree = "<group>"; };
		6D3E78782887640900FFD964 /* LoadingViewController + UI.swift */ = {isa = PBXFileReference; fileEncoding = 4; lastKnownFileType = sourcecode.swift; path = "LoadingViewController + UI.swift"; sourceTree = "<group>"; };
		6D3E78792887640900FFD964 /* LoadingViewController.swift */ = {isa = PBXFileReference; fileEncoding = 4; lastKnownFileType = sourcecode.swift; path = LoadingViewController.swift; sourceTree = "<group>"; };
		6D3E787E288764D300FFD964 /* ServiceViewController.swift */ = {isa = PBXFileReference; lastKnownFileType = sourcecode.swift; path = ServiceViewController.swift; sourceTree = "<group>"; };
		6D3E7880288764E100FFD964 /* ServiceViewController.storyboard */ = {isa = PBXFileReference; lastKnownFileType = file.storyboard; path = ServiceViewController.storyboard; sourceTree = "<group>"; };
		6D3E7882288764FD00FFD964 /* UIStoryboard.swift */ = {isa = PBXFileReference; fileEncoding = 4; lastKnownFileType = sourcecode.swift; path = UIStoryboard.swift; sourceTree = "<group>"; };
		6D3E78852887657400FFD964 /* ResultViewController.swift */ = {isa = PBXFileReference; lastKnownFileType = sourcecode.swift; path = ResultViewController.swift; sourceTree = "<group>"; };
		6D3E78872887658500FFD964 /* ResultViewController.storyboard */ = {isa = PBXFileReference; lastKnownFileType = file.storyboard; path = ResultViewController.storyboard; sourceTree = "<group>"; };
		6D41EF3A28894873006C6A67 /* ResultViewController + UI.swift */ = {isa = PBXFileReference; lastKnownFileType = sourcecode.swift; path = "ResultViewController + UI.swift"; sourceTree = "<group>"; };
		6D41EF3C288948B5006C6A67 /* ServiceViewController + UI.swift */ = {isa = PBXFileReference; lastKnownFileType = sourcecode.swift; path = "ServiceViewController + UI.swift"; sourceTree = "<group>"; };
		6D86AD312888757400EF2340 /* Settings.swift */ = {isa = PBXFileReference; lastKnownFileType = sourcecode.swift; path = Settings.swift; sourceTree = "<group>"; };
		E7F407CDF1743A4FC4E9FFB7 /* Pods-SSRLabTest3.release.xcconfig */ = {isa = PBXFileReference; includeInIndex = 1; lastKnownFileType = text.xcconfig; name = "Pods-SSRLabTest3.release.xcconfig"; path = "Target Support Files/Pods-SSRLabTest3/Pods-SSRLabTest3.release.xcconfig"; sourceTree = "<group>"; };
/* End PBXFileReference section */

/* Begin PBXFrameworksBuildPhase section */
		6D3E785A2887631800FFD964 /* Frameworks */ = {
			isa = PBXFrameworksBuildPhase;
			buildActionMask = 2147483647;
			files = (
				DAA63C2AE012BA7EE25287FC /* Pods_SSRLabTest3.framework in Frameworks */,
			);
			runOnlyForDeploymentPostprocessing = 0;
		};
/* End PBXFrameworksBuildPhase section */

/* Begin PBXGroup section */
		595D626B6F73C61896B4244D /* Frameworks */ = {
			isa = PBXGroup;
			children = (
				67ED09E234D98D72ADAC8BC7 /* Pods_SSRLabTest3.framework */,
			);
			name = Frameworks;
			sourceTree = "<group>";
		};
		6D3E78542887631800FFD964 = {
			isa = PBXGroup;
			children = (
				6D3E785F2887631800FFD964 /* SSRLabTest3 */,
				6D3E785E2887631800FFD964 /* Products */,
				DEC3EDEC1C8BFD2C0AF9C929 /* Pods */,
				595D626B6F73C61896B4244D /* Frameworks */,
			);
			sourceTree = "<group>";
		};
		6D3E785E2887631800FFD964 /* Products */ = {
			isa = PBXGroup;
			children = (
				6D3E785D2887631800FFD964 /* SSRLabTest3.app */,
			);
			name = Products;
			sourceTree = "<group>";
		};
		6D3E785F2887631800FFD964 /* SSRLabTest3 */ = {
			isa = PBXGroup;
			children = (
				6D86AD302888756000EF2340 /* Manager */,
				6D3E7874288763E400FFD964 /* Extension */,
				6D3E7875288763F200FFD964 /* ViewControllers */,
				6D3E78602887631800FFD964 /* AppDelegate.swift */,
				6D3E78622887631800FFD964 /* SceneDelegate.swift */,
				6D3E78692887631A00FFD964 /* Assets.xcassets */,
				6D3E786B2887631A00FFD964 /* LaunchScreen.storyboard */,
				6D3E786E2887631A00FFD964 /* Info.plist */,
			);
			path = SSRLabTest3;
			sourceTree = "<group>";
		};
		6D3E7874288763E400FFD964 /* Extension */ = {
			isa = PBXGroup;
			children = (
				6D3E7882288764FD00FFD964 /* UIStoryboard.swift */,
			);
			path = Extension;
			sourceTree = "<group>";
		};
		6D3E7875288763F200FFD964 /* ViewControllers */ = {
			isa = PBXGroup;
			children = (
				6D3E78762887640900FFD964 /* Loading */,
				6D3E787D2887642A00FFD964 /* Service */,
				6D3E78842887654A00FFD964 /* Result */,
			);
			path = ViewControllers;
			sourceTree = "<group>";
		};
		6D3E78762887640900FFD964 /* Loading */ = {
			isa = PBXGroup;
			children = (
				6D3E78792887640900FFD964 /* LoadingViewController.swift */,
				6D3E78772887640900FFD964 /* LoadingViewController.storyboard */,
				6D3E78782887640900FFD964 /* LoadingViewController + UI.swift */,
			);
			path = Loading;
			sourceTree = "<group>";
		};
		6D3E787D2887642A00FFD964 /* Service */ = {
			isa = PBXGroup;
			children = (
				6D3E787E288764D300FFD964 /* ServiceViewController.swift */,
				6D3E7880288764E100FFD964 /* ServiceViewController.storyboard */,
				6D41EF3C288948B5006C6A67 /* ServiceViewController + UI.swift */,
			);
			path = Service;
			sourceTree = "<group>";
		};
		6D3E78842887654A00FFD964 /* Result */ = {
			isa = PBXGroup;
			children = (
				6D3E78852887657400FFD964 /* ResultViewController.swift */,
				6D3E78872887658500FFD964 /* ResultViewController.storyboard */,
				6D41EF3A28894873006C6A67 /* ResultViewController + UI.swift */,
			);
			path = Result;
			sourceTree = "<group>";
		};
		6D86AD302888756000EF2340 /* Manager */ = {
			isa = PBXGroup;
			children = (
				6D86AD312888757400EF2340 /* Settings.swift */,
			);
			path = Manager;
			sourceTree = "<group>";
		};
		DEC3EDEC1C8BFD2C0AF9C929 /* Pods */ = {
			isa = PBXGroup;
			children = (
				507F83171B37F4DAB33BF149 /* Pods-SSRLabTest3.debug.xcconfig */,
				E7F407CDF1743A4FC4E9FFB7 /* Pods-SSRLabTest3.release.xcconfig */,
			);
			path = Pods;
			sourceTree = "<group>";
		};
/* End PBXGroup section */

/* Begin PBXNativeTarget section */
		6D3E785C2887631800FFD964 /* SSRLabTest3 */ = {
			isa = PBXNativeTarget;
			buildConfigurationList = 6D3E78712887631B00FFD964 /* Build configuration list for PBXNativeTarget "SSRLabTest3" */;
			buildPhases = (
				9F665149F6303E3EF26D375E /* [CP] Check Pods Manifest.lock */,
				6D3E78592887631800FFD964 /* Sources */,
				6D3E785A2887631800FFD964 /* Frameworks */,
				6D3E785B2887631800FFD964 /* Resources */,
				A27114760FEC332F39AF3534 /* [CP] Embed Pods Frameworks */,
			);
			buildRules = (
			);
			dependencies = (
			);
			name = SSRLabTest3;
			productName = SSRLabTest3;
			productReference = 6D3E785D2887631800FFD964 /* SSRLabTest3.app */;
			productType = "com.apple.product-type.application";
		};
/* End PBXNativeTarget section */

/* Begin PBXProject section */
		6D3E78552887631800FFD964 /* Project object */ = {
			isa = PBXProject;
			attributes = {
				BuildIndependentTargetsInParallel = 1;
				LastSwiftUpdateCheck = 1340;
				LastUpgradeCheck = 1340;
				TargetAttributes = {
					6D3E785C2887631800FFD964 = {
						CreatedOnToolsVersion = 13.4.1;
					};
				};
			};
			buildConfigurationList = 6D3E78582887631800FFD964 /* Build configuration list for PBXProject "SSRLabTest3" */;
			compatibilityVersion = "Xcode 13.0";
			developmentRegion = en;
			hasScannedForEncodings = 0;
			knownRegions = (
				en,
				Base,
			);
			mainGroup = 6D3E78542887631800FFD964;
			productRefGroup = 6D3E785E2887631800FFD964 /* Products */;
			projectDirPath = "";
			projectRoot = "";
			targets = (
				6D3E785C2887631800FFD964 /* SSRLabTest3 */,
			);
		};
/* End PBXProject section */

/* Begin PBXResourcesBuildPhase section */
		6D3E785B2887631800FFD964 /* Resources */ = {
			isa = PBXResourcesBuildPhase;
			buildActionMask = 2147483647;
			files = (
				6D3E786D2887631A00FFD964 /* LaunchScreen.storyboard in Resources */,
				6D3E786A2887631A00FFD964 /* Assets.xcassets in Resources */,
				6D3E7881288764E100FFD964 /* ServiceViewController.storyboard in Resources */,
				6D3E78882887658500FFD964 /* ResultViewController.storyboard in Resources */,
				6D3E787A2887640900FFD964 /* LoadingViewController.storyboard in Resources */,
			);
			runOnlyForDeploymentPostprocessing = 0;
		};
/* End PBXResourcesBuildPhase section */

/* Begin PBXShellScriptBuildPhase section */
		9F665149F6303E3EF26D375E /* [CP] Check Pods Manifest.lock */ = {
			isa = PBXShellScriptBuildPhase;
			buildActionMask = 2147483647;
			files = (
			);
			inputFileListPaths = (
			);
			inputPaths = (
				"${PODS_PODFILE_DIR_PATH}/Podfile.lock",
				"${PODS_ROOT}/Manifest.lock",
			);
			name = "[CP] Check Pods Manifest.lock";
			outputFileListPaths = (
			);
			outputPaths = (
				"$(DERIVED_FILE_DIR)/Pods-SSRLabTest3-checkManifestLockResult.txt",
			);
			runOnlyForDeploymentPostprocessing = 0;
			shellPath = /bin/sh;
			shellScript = "diff \"${PODS_PODFILE_DIR_PATH}/Podfile.lock\" \"${PODS_ROOT}/Manifest.lock\" > /dev/null\nif [ $? != 0 ] ; then\n    # print error to STDERR\n    echo \"error: The sandbox is not in sync with the Podfile.lock. Run 'pod install' or update your CocoaPods installation.\" >&2\n    exit 1\nfi\n# This output is used by Xcode 'outputs' to avoid re-running this script phase.\necho \"SUCCESS\" > \"${SCRIPT_OUTPUT_FILE_0}\"\n";
			showEnvVarsInLog = 0;
		};
		A27114760FEC332F39AF3534 /* [CP] Embed Pods Frameworks */ = {
			isa = PBXShellScriptBuildPhase;
			buildActionMask = 2147483647;
			files = (
			);
			inputFileListPaths = (
				"${PODS_ROOT}/Target Support Files/Pods-SSRLabTest3/Pods-SSRLabTest3-frameworks-${CONFIGURATION}-input-files.xcfilelist",
			);
			name = "[CP] Embed Pods Frameworks";
			outputFileListPaths = (
				"${PODS_ROOT}/Target Support Files/Pods-SSRLabTest3/Pods-SSRLabTest3-frameworks-${CONFIGURATION}-output-files.xcfilelist",
			);
			runOnlyForDeploymentPostprocessing = 0;
			shellPath = /bin/sh;
			shellScript = "\"${PODS_ROOT}/Target Support Files/Pods-SSRLabTest3/Pods-SSRLabTest3-frameworks.sh\"\n";
			showEnvVarsInLog = 0;
		};
/* End PBXShellScriptBuildPhase section */

/* Begin PBXSourcesBuildPhase section */
		6D3E78592887631800FFD964 /* Sources */ = {
			isa = PBXSourcesBuildPhase;
			buildActionMask = 2147483647;
			files = (
				6D41EF3D288948B5006C6A67 /* ServiceViewController + UI.swift in Sources */,
				6D3E7883288764FD00FFD964 /* UIStoryboard.swift in Sources */,
				6D3E78612887631800FFD964 /* AppDelegate.swift in Sources */,
				6D86AD322888757400EF2340 /* Settings.swift in Sources */,
				6D3E78862887657400FFD964 /* ResultViewController.swift in Sources */,
				6D3E78632887631800FFD964 /* SceneDelegate.swift in Sources */,
				6D3E787B2887640900FFD964 /* LoadingViewController + UI.swift in Sources */,
				6D3E787F288764D300FFD964 /* ServiceViewController.swift in Sources */,
				6D3E787C2887640900FFD964 /* LoadingViewController.swift in Sources */,
				6D41EF3B28894873006C6A67 /* ResultViewController + UI.swift in Sources */,
			);
			runOnlyForDeploymentPostprocessing = 0;
		};
/* End PBXSourcesBuildPhase section */

/* Begin PBXVariantGroup section */
		6D3E786B2887631A00FFD964 /* LaunchScreen.storyboard */ = {
			isa = PBXVariantGroup;
			children = (
				6D3E786C2887631A00FFD964 /* Base */,
			);
			name = LaunchScreen.storyboard;
			sourceTree = "<group>";
		};
/* End PBXVariantGroup section */

/* Begin XCBuildConfiguration section */
		6D3E786F2887631B00FFD964 /* Debug */ = {
			isa = XCBuildConfiguration;
			buildSettings = {
				ALWAYS_SEARCH_USER_PATHS = NO;
				CLANG_ANALYZER_NONNULL = YES;
				CLANG_ANALYZER_NUMBER_OBJECT_CONVERSION = YES_AGGRESSIVE;
				CLANG_CXX_LANGUAGE_STANDARD = "gnu++17";
				CLANG_ENABLE_MODULES = YES;
				CLANG_ENABLE_OBJC_ARC = YES;
				CLANG_ENABLE_OBJC_WEAK = YES;
				CLANG_WARN_BLOCK_CAPTURE_AUTORELEASING = YES;
				CLANG_WARN_BOOL_CONVERSION = YES;
				CLANG_WARN_COMMA = YES;
				CLANG_WARN_CONSTANT_CONVERSION = YES;
				CLANG_WARN_DEPRECATED_OBJC_IMPLEMENTATIONS = YES;
				CLANG_WARN_DIRECT_OBJC_ISA_USAGE = YES_ERROR;
				CLANG_WARN_DOCUMENTATION_COMMENTS = YES;
				CLANG_WARN_EMPTY_BODY = YES;
				CLANG_WARN_ENUM_CONVERSION = YES;
				CLANG_WARN_INFINITE_RECURSION = YES;
				CLANG_WARN_INT_CONVERSION = YES;
				CLANG_WARN_NON_LITERAL_NULL_CONVERSION = YES;
				CLANG_WARN_OBJC_IMPLICIT_RETAIN_SELF = YES;
				CLANG_WARN_OBJC_LITERAL_CONVERSION = YES;
				CLANG_WARN_OBJC_ROOT_CLASS = YES_ERROR;
				CLANG_WARN_QUOTED_INCLUDE_IN_FRAMEWORK_HEADER = YES;
				CLANG_WARN_RANGE_LOOP_ANALYSIS = YES;
				CLANG_WARN_STRICT_PROTOTYPES = YES;
				CLANG_WARN_SUSPICIOUS_MOVE = YES;
				CLANG_WARN_UNGUARDED_AVAILABILITY = YES_AGGRESSIVE;
				CLANG_WARN_UNREACHABLE_CODE = YES;
				CLANG_WARN__DUPLICATE_METHOD_MATCH = YES;
				COPY_PHASE_STRIP = NO;
				DEBUG_INFORMATION_FORMAT = dwarf;
				ENABLE_STRICT_OBJC_MSGSEND = YES;
				ENABLE_TESTABILITY = YES;
				"EXCLUDED_ARCHS[sdk=iphonesimulator*]" = arm64;
				GCC_C_LANGUAGE_STANDARD = gnu11;
				GCC_DYNAMIC_NO_PIC = NO;
				GCC_NO_COMMON_BLOCKS = YES;
				GCC_OPTIMIZATION_LEVEL = 0;
				GCC_PREPROCESSOR_DEFINITIONS = (
					"DEBUG=1",
					"$(inherited)",
				);
				GCC_WARN_64_TO_32_BIT_CONVERSION = YES;
				GCC_WARN_ABOUT_RETURN_TYPE = YES_ERROR;
				GCC_WARN_UNDECLARED_SELECTOR = YES;
				GCC_WARN_UNINITIALIZED_AUTOS = YES_AGGRESSIVE;
				GCC_WARN_UNUSED_FUNCTION = YES;
				GCC_WARN_UNUSED_VARIABLE = YES;
				IPHONEOS_DEPLOYMENT_TARGET = 15.5;
				MTL_ENABLE_DEBUG_INFO = INCLUDE_SOURCE;
				MTL_FAST_MATH = YES;
				ONLY_ACTIVE_ARCH = YES;
				SDKROOT = iphoneos;
				SWIFT_ACTIVE_COMPILATION_CONDITIONS = DEBUG;
				SWIFT_OPTIMIZATION_LEVEL = "-Onone";
			};
			name = Debug;
		};
		6D3E78702887631B00FFD964 /* Release */ = {
			isa = XCBuildConfiguration;
			buildSettings = {
				ALWAYS_SEARCH_USER_PATHS = NO;
				CLANG_ANALYZER_NONNULL = YES;
				CLANG_ANALYZER_NUMBER_OBJECT_CONVERSION = YES_AGGRESSIVE;
				CLANG_CXX_LANGUAGE_STANDARD = "gnu++17";
				CLANG_ENABLE_MODULES = YES;
				CLANG_ENABLE_OBJC_ARC = YES;
				CLANG_ENABLE_OBJC_WEAK = YES;
				CLANG_WARN_BLOCK_CAPTURE_AUTORELEASING = YES;
				CLANG_WARN_BOOL_CONVERSION = YES;
				CLANG_WARN_COMMA = YES;
				CLANG_WARN_CONSTANT_CONVERSION = YES;
				CLANG_WARN_DEPRECATED_OBJC_IMPLEMENTATIONS = YES;
				CLANG_WARN_DIRECT_OBJC_ISA_USAGE = YES_ERROR;
				CLANG_WARN_DOCUMENTATION_COMMENTS = YES;
				CLANG_WARN_EMPTY_BODY = YES;
				CLANG_WARN_ENUM_CONVERSION = YES;
				CLANG_WARN_INFINITE_RECURSION = YES;
				CLANG_WARN_INT_CONVERSION = YES;
				CLANG_WARN_NON_LITERAL_NULL_CONVERSION = YES;
				CLANG_WARN_OBJC_IMPLICIT_RETAIN_SELF = YES;
				CLANG_WARN_OBJC_LITERAL_CONVERSION = YES;
				CLANG_WARN_OBJC_ROOT_CLASS = YES_ERROR;
				CLANG_WARN_QUOTED_INCLUDE_IN_FRAMEWORK_HEADER = YES;
				CLANG_WARN_RANGE_LOOP_ANALYSIS = YES;
				CLANG_WARN_STRICT_PROTOTYPES = YES;
				CLANG_WARN_SUSPICIOUS_MOVE = YES;
				CLANG_WARN_UNGUARDED_AVAILABILITY = YES_AGGRESSIVE;
				CLANG_WARN_UNREACHABLE_CODE = YES;
				CLANG_WARN__DUPLICATE_METHOD_MATCH = YES;
				COPY_PHASE_STRIP = NO;
				DEBUG_INFORMATION_FORMAT = "dwarf-with-dsym";
				ENABLE_NS_ASSERTIONS = NO;
				ENABLE_STRICT_OBJC_MSGSEND = YES;
				"EXCLUDED_ARCHS[sdk=iphonesimulator*]" = arm64;
				GCC_C_LANGUAGE_STANDARD = gnu11;
				GCC_NO_COMMON_BLOCKS = YES;
				GCC_WARN_64_TO_32_BIT_CONVERSION = YES;
				GCC_WARN_ABOUT_RETURN_TYPE = YES_ERROR;
				GCC_WARN_UNDECLARED_SELECTOR = YES;
				GCC_WARN_UNINITIALIZED_AUTOS = YES_AGGRESSIVE;
				GCC_WARN_UNUSED_FUNCTION = YES;
				GCC_WARN_UNUSED_VARIABLE = YES;
				IPHONEOS_DEPLOYMENT_TARGET = 15.5;
				MTL_ENABLE_DEBUG_INFO = NO;
				MTL_FAST_MATH = YES;
				SDKROOT = iphoneos;
				SWIFT_COMPILATION_MODE = wholemodule;
				SWIFT_OPTIMIZATION_LEVEL = "-O";
				VALIDATE_PRODUCT = YES;
			};
			name = Release;
		};
		6D3E78722887631B00FFD964 /* Debug */ = {
			isa = XCBuildConfiguration;
			baseConfigurationReference = 507F83171B37F4DAB33BF149 /* Pods-SSRLabTest3.debug.xcconfig */;
			buildSettings = {
				ASSETCATALOG_COMPILER_APPICON_NAME = AppIcon;
				ASSETCATALOG_COMPILER_GLOBAL_ACCENT_COLOR_NAME = AccentColor;
				CODE_SIGN_STYLE = Automatic;
				CURRENT_PROJECT_VERSION = 1;
				"EXCLUDED_ARCHS[sdk=iphonesimulator*]" = arm64;
				GENERATE_INFOPLIST_FILE = YES;
				INFOPLIST_FILE = SSRLabTest3/Info.plist;
				INFOPLIST_KEY_UIApplicationSupportsIndirectInputEvents = YES;
				INFOPLIST_KEY_UILaunchStoryboardName = LaunchScreen;
				INFOPLIST_KEY_UIMainStoryboardFile = LoadingViewController;
				INFOPLIST_KEY_UISupportedInterfaceOrientations_iPad = "UIInterfaceOrientationPortrait UIInterfaceOrientationPortraitUpsideDown UIInterfaceOrientationLandscapeLeft UIInterfaceOrientationLandscapeRight";
				INFOPLIST_KEY_UISupportedInterfaceOrientations_iPhone = "UIInterfaceOrientationPortrait UIInterfaceOrientationLandscapeLeft UIInterfaceOrientationLandscapeRight";
				LD_RUNPATH_SEARCH_PATHS = (
					"$(inherited)",
					"@executable_path/Frameworks",
				);
				MARKETING_VERSION = 1.0;
				PRODUCT_BUNDLE_IDENTIFIER = IvanSeliuk.SSRLabTest3;
				PRODUCT_NAME = "$(TARGET_NAME)";
				SWIFT_EMIT_LOC_STRINGS = YES;
				SWIFT_VERSION = 5.0;
				TARGETED_DEVICE_FAMILY = "1,2";
			};
			name = Debug;
		};
		6D3E78732887631B00FFD964 /* Release */ = {
			isa = XCBuildConfiguration;
			baseConfigurationReference = E7F407CDF1743A4FC4E9FFB7 /* Pods-SSRLabTest3.release.xcconfig */;
			buildSettings = {
				ASSETCATALOG_COMPILER_APPICON_NAME = AppIcon;
				ASSETCATALOG_COMPILER_GLOBAL_ACCENT_COLOR_NAME = AccentColor;
				CODE_SIGN_STYLE = Automatic;
				CURRENT_PROJECT_VERSION = 1;
				"EXCLUDED_ARCHS[sdk=iphonesimulator*]" = arm64;
				GENERATE_INFOPLIST_FILE = YES;
				INFOPLIST_FILE = SSRLabTest3/Info.plist;
				INFOPLIST_KEY_UIApplicationSupportsIndirectInputEvents = YES;
				INFOPLIST_KEY_UILaunchStoryboardName = LaunchScreen;
				INFOPLIST_KEY_UIMainStoryboardFile = LoadingViewController;
				INFOPLIST_KEY_UISupportedInterfaceOrientations_iPad = "UIInterfaceOrientationPortrait UIInterfaceOrientationPortraitUpsideDown UIInterfaceOrientationLandscapeLeft UIInterfaceOrientationLandscapeRight";
				INFOPLIST_KEY_UISupportedInterfaceOrientations_iPhone = "UIInterfaceOrientationPortrait UIInterfaceOrientationLandscapeLeft UIInterfaceOrientationLandscapeRight";
				LD_RUNPATH_SEARCH_PATHS = (
					"$(inherited)",
					"@executable_path/Frameworks",
				);
				MARKETING_VERSION = 1.0;
				PRODUCT_BUNDLE_IDENTIFIER = IvanSeliuk.SSRLabTest3;
				PRODUCT_NAME = "$(TARGET_NAME)";
				SWIFT_EMIT_LOC_STRINGS = YES;
				SWIFT_VERSION = 5.0;
				TARGETED_DEVICE_FAMILY = "1,2";
			};
			name = Release;
		};
/* End XCBuildConfiguration section */

/* Begin XCConfigurationList section */
		6D3E78582887631800FFD964 /* Build configuration list for PBXProject "SSRLabTest3" */ = {
			isa = XCConfigurationList;
			buildConfigurations = (
				6D3E786F2887631B00FFD964 /* Debug */,
				6D3E78702887631B00FFD964 /* Release */,
			);
			defaultConfigurationIsVisible = 0;
			defaultConfigurationName = Release;
		};
		6D3E78712887631B00FFD964 /* Build configuration list for PBXNativeTarget "SSRLabTest3" */ = {
			isa = XCConfigurationList;
			buildConfigurations = (
				6D3E78722887631B00FFD964 /* Debug */,
				6D3E78732887631B00FFD964 /* Release */,
			);
			defaultConfigurationIsVisible = 0;
			defaultConfigurationName = Release;
		};
/* End XCConfigurationList section */
	};
	rootObject = 6D3E78552887631800FFD964 /* Project object */;
}
